
Microsoft Visual Studio Solution File, Format Version 12.00
# Visual Studio Version 17
VisualStudioVersion = 17.14.37502.11 d17.14
MinimumVisualStudioVersion = 10.0.40219.1
Project("{FAE04EC0-301F-11D3-BF4B-00C04F79EFBC}") = "GoXelaDelivery", "GoXelaDelivery.csproj", "{9D1EBCB0-B689-BAC5-0739-E1C081337017}"
EndProject
Global
	GlobalSection(SolutionConfigurationPlatforms) = preSolution
		Debug|Any CPU = Debug|Any CPU
		Release|Any CPU = Release|Any CPU
	EndGlobalSection
	GlobalSection(ProjectConfigurationPlatforms) = postSolution
		{9D1EBCB0-B689-BAC5-0739-E1C081337017}.Debug|Any CPU.ActiveCfg = Debug|Any CPU
		{9D1EBCB0-B689-BAC5-0739-E1C081337017}.Debug|Any CPU.Build.0 = Debug|Any CPU
		{9D1EBCB0-B689-BAC5-0739-E1C081337017}.Release|Any CPU.ActiveCfg = Release|Any CPU
		{9D1EBCB0-B689-BAC5-0739-E1C081337017}.Release|Any CPU.Build.0 = Release|Any CPU
	EndGlobalSection
	GlobalSection(SolutionProperties) = preSolution
		HideSolutionNode = FALSE
	EndGlobalSection
	GlobalSection(ExtensibilityGlobals) = postSolution
		SolutionGuid = {C470F1AA-604F-4D8F-A4A5-ABC0F182A657}
	EndGlobalSection
EndGlobal
